
Microsoft Visual Studio Solution File, Format Version 12.00
Project("{FAE04EC0-301F-11D3-BF4B-00C04F79EFBC}") = "BOIScrapper", "BOIScrapper\BOIScrapper.csproj", "{FD9903E4-6405-4428-AE44-5668A2AC1FD2}"
EndProject
Global
	GlobalSection(SolutionConfigurationPlatforms) = preSolution
		Debug|Any CPU = Debug|Any CPU
		Release|Any CPU = Release|Any CPU
	EndGlobalSection
	GlobalSection(ProjectConfigurationPlatforms) = postSolution
		{FD9903E4-6405-4428-AE44-5668A2AC1FD2}.Debug|Any CPU.ActiveCfg = Debug|Any CPU
		{FD9903E4-6405-4428-AE44-5668A2AC1FD2}.Debug|Any CPU.Build.0 = Debug|Any CPU
		{FD9903E4-6405-4428-AE44-5668A2AC1FD2}.Release|Any CPU.ActiveCfg = Release|Any CPU
		{FD9903E4-6405-4428-AE44-5668A2AC1FD2}.Release|Any CPU.Build.0 = Release|Any CPU
	EndGlobalSection
EndGlobal
